
Microsoft Visual Studio Solution File, Format Version 12.00
# Visual Studio Version 17
VisualStudioVersion = 17.2.32526.322
MinimumVisualStudioVersion = 10.0.40219.1
Project("{9A19103F-16F7-4668-BE54-9A1E7A4F7556}") = "Play.Catalog.Service", "Play.Catalog.Service.csproj", "{694449C1-AC11-43AC-8F04-179935C52477}"
EndProject
Global
	GlobalSection(SolutionConfigurationPlatforms) = preSolution
		Debug|Any CPU = Debug|Any CPU
		Release|Any CPU = Release|Any CPU
	EndGlobalSection
	GlobalSection(ProjectConfigurationPlatforms) = postSolution
		{694449C1-AC11-43AC-8F04-179935C52477}.Debug|Any CPU.ActiveCfg = Debug|Any CPU
		{694449C1-AC11-43AC-8F04-179935C52477}.Debug|Any CPU.Build.0 = Debug|Any CPU
		{694449C1-AC11-43AC-8F04-179935C52477}.Release|Any CPU.ActiveCfg = Release|Any CPU
		{694449C1-AC11-43AC-8F04-179935C52477}.Release|Any CPU.Build.0 = Release|Any CPU
	EndGlobalSection
	GlobalSection(SolutionProperties) = preSolution
		HideSolutionNode = FALSE
	EndGlobalSection
	GlobalSection(ExtensibilityGlobals) = postSolution
		SolutionGuid = {9FB05989-CDDD-48FA-A900-54646EBC142B}
	EndGlobalSection
EndGlobal
